
Microsoft Visual Studio Solution File, Format Version 12.00
# Visual Studio Version 16
VisualStudioVersion = 16.0.30320.27
MinimumVisualStudioVersion = 10.0.40219.1
Project("{2150E333-8FDC-42A3-9474-1A3956D46DE8}") = "Client", "Client", "{60B7CA0C-7CEC-414A-996B-07D40913256F}"
EndProject
Project("{2150E333-8FDC-42A3-9474-1A3956D46DE8}") = "00-Shared", "00-Shared", "{6C424D61-0619-4EA9-943E-2C7094D57803}"
EndProject
Project("{FAE04EC0-301F-11D3-BF4B-00C04F79EFBC}") = "TianYiSdtdServerTools.Client.Resources", "Client\Resources\TianYiSdtdServerTools.Client.Resources.csproj", "{82002828-CEC5-4351-ABED-0130979A2BDE}"
EndProject
Project("{2150E333-8FDC-42A3-9474-1A3956D46DE8}") = "IceCoffee", "IceCoffee", "{17799EF7-DCBB-4462-8687-8A588888785F}"
EndProject
Project("{FAE04EC0-301F-11D3-BF4B-00C04F79EFBC}") = "TianYiSdtdServerTools.Client.Models", "Client\Models\TianYiSdtdServerTools.Client.Models.csproj", "{AFF037C5-D34F-41CE-ACBF-209D93436159}"
EndProject
Project("{FAE04EC0-301F-11D3-BF4B-00C04F79EFBC}") = "TianYiSdtdServerTools.Client.ViewModels", "Client\ViewModels\TianYiSdtdServerTools.Client.ViewModels.csproj", "{A3351610-C535-40C8-BF40-05FA35DC3E4E}"
EndProject
Project("{FAE04EC0-301F-11D3-BF4B-00C04F79EFBC}") = "TianYiSdtdServerTools.Client.Views", "Client\Views\TianYiSdtdServerTools.Client.Views.csproj", "{3C757765-58F5-4E24-81DD-F635628C38C1}"
EndProject
Project("{FAE04EC0-301F-11D3-BF4B-00C04F79EFBC}") = "TianYiSdtdServerTools.Client.TelnetClient", "Client\TelnetClient\TianYiSdtdServerTools.Client.TelnetClient.csproj", "{349F66C5-54DE-43C8-AB6F-6C6F96C4ED3D}"
EndProject
Project("{FAE04EC0-301F-11D3-BF4B-00C04F79EFBC}") = "TianYiSdtdServerTools.Client.Services", "Client\Services\TianYiSdtdServerTools.Client.Services.csproj", "{1B8E81C3-5F49-4A58-A95B-1A427EBCBF2C}"
EndProject
Project("{FAE04EC0-301F-11D3-BF4B-00C04F79EFBC}") = "TianYiSdtdServerTools.Client.MyClient", "Client\MyClient\TianYiSdtdServerTools.Client.MyClient.csproj", "{E9D8D133-26E9-40F4-AACE-2B713D773201}"
EndProject
Project("{9A19103F-16F7-4668-BE54-9A1E7A4F7556}") = "IceCoffee.AntiDebugEngine", "..\..\C#Tools\IceCoffee\IceCoffee.AntiDebugEngine\IceCoffee.AntiDebugEngine\IceCoffee.AntiDebugEngine.csproj", "{7EB946D0-8BEA-45AD-8132-60D93C77A063}"
EndProject
Project("{9A19103F-16F7-4668-BE54-9A1E7A4F7556}") = "IceCoffee.Common", "..\..\C#Tools\IceCoffee\IceCoffee.Common\IceCoffee.Common\IceCoffee.Common.csproj", "{6EC8AD06-BF8C-472A-9DF8-4188AE7EE38B}"
EndProject
Project("{9A19103F-16F7-4668-BE54-9A1E7A4F7556}") = "IceCoffee.DbCore", "..\..\C#Tools\IceCoffee\IceCoffee.DbCore\IceCoffee.DbCore\IceCoffee.DbCore.csproj", "{99101E9E-BA03-4192-9CA9-272614FDCC7B}"
EndProject
Project("{9A19103F-16F7-4668-BE54-9A1E7A4F7556}") = "IceCoffee.Network", "..\..\C#Tools\IceCoffee\IceCoffee.Network\IceCoffee.Network\IceCoffee.Network.csproj", "{E91AE132-D500-42DC-9FDB-50234949BCA2}"
EndProject
Project("{9A19103F-16F7-4668-BE54-9A1E7A4F7556}") = "Icecoffee.Wpf.CustomControlLibrary", "..\..\C#Tools\IceCoffee\Icecoffee.Wpf\Icecoffee.Wpf.CustomControlLibrary\Icecoffee.Wpf.CustomControlLibrary.csproj", "{30A562AF-9CE6-4550-8627-D53C15393772}"
EndProject
Project("{9A19103F-16F7-4668-BE54-9A1E7A4F7556}") = "Icecoffee.Wpf.MvvmFrame", "..\..\C#Tools\IceCoffee\Icecoffee.Wpf\Icecoffee.Wpf.MvvmFrame\Icecoffee.Wpf.MvvmFrame.csproj", "{F82A5AFC-D119-4CDE-8A65-1470947C5993}"
EndProject
Project("{2150E333-8FDC-42A3-9474-1A3956D46DE8}") = "Server", "Server", "{DDEF063F-7120-44B9-80C0-41A65E26F14C}"
EndProject
Project("{9A19103F-16F7-4668-BE54-9A1E7A4F7556}") = "TianYiSdtdServerTools.Server.Sockets", "Server\TianYiSdtdServerTools.Server.Sockets\TianYiSdtdServerTools.Server.Sockets.csproj", "{8C9E8C07-5E3F-43E8-9FE1-D46850BDEA3C}"
EndProject
Project("{9A19103F-16F7-4668-BE54-9A1E7A4F7556}") = "TianYiSdtdServerTools.Server.Terminal", "Server\TianYiSdtdServerTools.Server.Terminal\TianYiSdtdServerTools.Server.Terminal.csproj", "{9C481BA9-A4DA-4725-8961-0FB24E46237C}"
EndProject
Project("{FAE04EC0-301F-11D3-BF4B-00C04F79EFBC}") = "TianYiSdtdServerTools.Shared", "Shared\TianYiSdtdServerTools.Shared\TianYiSdtdServerTools.Shared.csproj", "{05DE2F54-996A-4675-9F0B-279EBADB6C57}"
EndProject
Project("{9A19103F-16F7-4668-BE54-9A1E7A4F7556}") = "LuoShuiTianYi.Sdtd.Services", "Server\LuoShuiTianYi.Sdtd.Services\LuoShuiTianYi.Sdtd.Services.csproj", "{DE901814-7877-4CB8-BC54-188702ED6159}"
EndProject
Project("{9A19103F-16F7-4668-BE54-9A1E7A4F7556}") = "LuoShuiTianYi.Sdtd.Domain", "Server\LuoShuiTianYi.Sdtd.Domain\LuoShuiTianYi.Sdtd.Domain.csproj", "{4905E31F-6850-4889-9E05-98682B4681A8}"
EndProject
Project("{2150E333-8FDC-42A3-9474-1A3956D46DE8}") = "Data", "Data", "{E6A0E725-CD09-41F8-84C0-373F45991BC5}"
EndProject
Global
	GlobalSection(SolutionConfigurationPlatforms) = preSolution
		Debug|Any CPU = Debug|Any CPU
		Release|Any CPU = Release|Any CPU
	EndGlobalSection
	GlobalSection(ProjectConfigurationPlatforms) = postSolution
		{82002828-CEC5-4351-ABED-0130979A2BDE}.Debug|Any CPU.ActiveCfg = Debug|Any CPU
		{82002828-CEC5-4351-ABED-0130979A2BDE}.Debug|Any CPU.Build.0 = Debug|Any CPU
		{82002828-CEC5-4351-ABED-0130979A2BDE}.Release|Any CPU.ActiveCfg = Release|Any CPU
		{82002828-CEC5-4351-ABED-0130979A2BDE}.Release|Any CPU.Build.0 = Release|Any CPU
		{AFF037C5-D34F-41CE-ACBF-209D93436159}.Debug|Any CPU.ActiveCfg = Debug|Any CPU
		{AFF037C5-D34F-41CE-ACBF-209D93436159}.Debug|Any CPU.Build.0 = Debug|Any CPU
		{AFF037C5-D34F-41CE-ACBF-209D93436159}.Release|Any CPU.ActiveCfg = Release|Any CPU
		{AFF037C5-D34F-41CE-ACBF-209D93436159}.Release|Any CPU.Build.0 = Release|Any CPU
		{A3351610-C535-40C8-BF40-05FA35DC3E4E}.Debug|Any CPU.ActiveCfg = Debug|Any CPU
		{A3351610-C535-40C8-BF40-05FA35DC3E4E}.Debug|Any CPU.Build.0 = Debug|Any CPU
		{A3351610-C535-40C8-BF40-05FA35DC3E4E}.Release|Any CPU.ActiveCfg = Release|Any CPU
		{A3351610-C535-40C8-BF40-05FA35DC3E4E}.Release|Any CPU.Build.0 = Release|Any CPU
		{3C757765-58F5-4E24-81DD-F635628C38C1}.Debug|Any CPU.ActiveCfg = Debug|x86
		{3C757765-58F5-4E24-81DD-F635628C38C1}.Debug|Any CPU.Build.0 = Debug|x86
		{3C757765-58F5-4E24-81DD-F635628C38C1}.Release|Any CPU.ActiveCfg = Release|x86
		{3C757765-58F5-4E24-81DD-F635628C38C1}.Release|Any CPU.Build.0 = Release|x86
		{349F66C5-54DE-43C8-AB6F-6C6F96C4ED3D}.Debug|Any CPU.ActiveCfg = Debug|Any CPU
		{349F66C5-54DE-43C8-AB6F-6C6F96C4ED3D}.Debug|Any CPU.Build.0 = Debug|Any CPU
		{349F66C5-54DE-43C8-AB6F-6C6F96C4ED3D}.Release|Any CPU.ActiveCfg = Release|Any CPU
		{349F66C5-54DE-43C8-AB6F-6C6F96C4ED3D}.Release|Any CPU.Build.0 = Release|Any CPU
		{1B8E81C3-5F49-4A58-A95B-1A427EBCBF2C}.Debug|Any CPU.ActiveCfg = Debug|Any CPU
		{1B8E81C3-5F49-4A58-A95B-1A427EBCBF2C}.Debug|Any CPU.Build.0 = Debug|Any CPU
		{1B8E81C3-5F49-4A58-A95B-1A427EBCBF2C}.Release|Any CPU.ActiveCfg = Release|Any CPU
		{1B8E81C3-5F49-4A58-A95B-1A427EBCBF2C}.Release|Any CPU.Build.0 = Release|Any CPU
		{E9D8D133-26E9-40F4-AACE-2B713D773201}.Debug|Any CPU.ActiveCfg = Debug|Any CPU
		{E9D8D133-26E9-40F4-AACE-2B713D773201}.Debug|Any CPU.Build.0 = Debug|Any CPU
		{E9D8D133-26E9-40F4-AACE-2B713D773201}.Release|Any CPU.ActiveCfg = Release|Any CPU
		{E9D8D133-26E9-40F4-AACE-2B713D773201}.Release|Any CPU.Build.0 = Release|Any CPU
		{7EB946D0-8BEA-45AD-8132-60D93C77A063}.Debug|Any CPU.ActiveCfg = Debug|Any CPU
		{7EB946D0-8BEA-45AD-8132-60D93C77A063}.Debug|Any CPU.Build.0 = Debug|Any CPU
		{7EB946D0-8BEA-45AD-8132-60D93C77A063}.Release|Any CPU.ActiveCfg = Release|Any CPU
		{7EB946D0-8BEA-45AD-8132-60D93C77A063}.Release|Any CPU.Build.0 = Release|Any CPU
		{6EC8AD06-BF8C-472A-9DF8-4188AE7EE38B}.Debug|Any CPU.ActiveCfg = Debug|Any CPU
		{6EC8AD06-BF8C-472A-9DF8-4188AE7EE38B}.Debug|Any CPU.Build.0 = Debug|Any CPU
		{6EC8AD06-BF8C-472A-9DF8-4188AE7EE38B}.Release|Any CPU.ActiveCfg = Release|Any CPU
		{6EC8AD06-BF8C-472A-9DF8-4188AE7EE38B}.Release|Any CPU.Build.0 = Release|Any CPU
		{99101E9E-BA03-4192-9CA9-272614FDCC7B}.Debug|Any CPU.ActiveCfg = Debug|Any CPU
		{99101E9E-BA03-4192-9CA9-272614FDCC7B}.Debug|Any CPU.Build.0 = Debug|Any CPU
		{99101E9E-BA03-4192-9CA9-272614FDCC7B}.Release|Any CPU.ActiveCfg = Release|Any CPU
		{99101E9E-BA03-4192-9CA9-272614FDCC7B}.Release|Any CPU.Build.0 = Release|Any CPU
		{E91AE132-D500-42DC-9FDB-50234949BCA2}.Debug|Any CPU.ActiveCfg = Debug|Any CPU
		{E91AE132-D500-42DC-9FDB-50234949BCA2}.Debug|Any CPU.Build.0 = Debug|Any CPU
		{E91AE132-D500-42DC-9FDB-50234949BCA2}.Release|Any CPU.ActiveCfg = Release|Any CPU
		{E91AE132-D500-42DC-9FDB-50234949BCA2}.Release|Any CPU.Build.0 = Release|Any CPU
		{30A562AF-9CE6-4550-8627-D53C15393772}.Debug|Any CPU.ActiveCfg = Debug|Any CPU
		{30A562AF-9CE6-4550-8627-D53C15393772}.Debug|Any CPU.Build.0 = Debug|Any CPU
		{30A562AF-9CE6-4550-8627-D53C15393772}.Release|Any CPU.ActiveCfg = Release|Any CPU
		{30A562AF-9CE6-4550-8627-D53C15393772}.Release|Any CPU.Build.0 = Release|Any CPU
		{F82A5AFC-D119-4CDE-8A65-1470947C5993}.Debug|Any CPU.ActiveCfg = Debug|Any CPU
		{F82A5AFC-D119-4CDE-8A65-1470947C5993}.Debug|Any CPU.Build.0 = Debug|Any CPU
		{F82A5AFC-D119-4CDE-8A65-1470947C5993}.Release|Any CPU.ActiveCfg = Release|Any CPU
		{F82A5AFC-D119-4CDE-8A65-1470947C5993}.Release|Any CPU.Build.0 = Release|Any CPU
		{8C9E8C07-5E3F-43E8-9FE1-D46850BDEA3C}.Debug|Any CPU.ActiveCfg = Debug|Any CPU
		{8C9E8C07-5E3F-43E8-9FE1-D46850BDEA3C}.Debug|Any CPU.Build.0 = Debug|Any CPU
		{8C9E8C07-5E3F-43E8-9FE1-D46850BDEA3C}.Release|Any CPU.ActiveCfg = Release|Any CPU
		{8C9E8C07-5E3F-43E8-9FE1-D46850BDEA3C}.Release|Any CPU.Build.0 = Release|Any CPU
		{9C481BA9-A4DA-4725-8961-0FB24E46237C}.Debug|Any CPU.ActiveCfg = Debug|Any CPU
		{9C481BA9-A4DA-4725-8961-0FB24E46237C}.Debug|Any CPU.Build.0 = Debug|Any CPU
		{9C481BA9-A4DA-4725-8961-0FB24E46237C}.Release|Any CPU.ActiveCfg = Release|Any CPU
		{9C481BA9-A4DA-4725-8961-0FB24E46237C}.Release|Any CPU.Build.0 = Release|Any CPU
		{05DE2F54-996A-4675-9F0B-279EBADB6C57}.Debug|Any CPU.ActiveCfg = Debug|Any CPU
		{05DE2F54-996A-4675-9F0B-279EBADB6C57}.Debug|Any CPU.Build.0 = Debug|Any CPU
		{05DE2F54-996A-4675-9F0B-279EBADB6C57}.Release|Any CPU.ActiveCfg = Release|Any CPU
		{05DE2F54-996A-4675-9F0B-279EBADB6C57}.Release|Any CPU.Build.0 = Release|Any CPU
		{DE901814-7877-4CB8-BC54-188702ED6159}.Debug|Any CPU.ActiveCfg = Debug|Any CPU
		{DE901814-7877-4CB8-BC54-188702ED6159}.Debug|Any CPU.Build.0 = Debug|Any CPU
		{DE901814-7877-4CB8-BC54-188702ED6159}.Release|Any CPU.ActiveCfg = Release|Any CPU
		{DE901814-7877-4CB8-BC54-188702ED6159}.Release|Any CPU.Build.0 = Release|Any CPU
		{4905E31F-6850-4889-9E05-98682B4681A8}.Debug|Any CPU.ActiveCfg = Debug|Any CPU
		{4905E31F-6850-4889-9E05-98682B4681A8}.Debug|Any CPU.Build.0 = Debug|Any CPU
		{4905E31F-6850-4889-9E05-98682B4681A8}.Release|Any CPU.ActiveCfg = Release|Any CPU
		{4905E31F-6850-4889-9E05-98682B4681A8}.Release|Any CPU.Build.0 = Release|Any CPU
	EndGlobalSection
	GlobalSection(SolutionProperties) = preSolution
		HideSolutionNode = FALSE
	EndGlobalSection
	GlobalSection(NestedProjects) = preSolution
		{82002828-CEC5-4351-ABED-0130979A2BDE} = {60B7CA0C-7CEC-414A-996B-07D40913256F}
		{17799EF7-DCBB-4462-8687-8A588888785F} = {6C424D61-0619-4EA9-943E-2C7094D57803}
		{AFF037C5-D34F-41CE-ACBF-209D93436159} = {60B7CA0C-7CEC-414A-996B-07D40913256F}
		{A3351610-C535-40C8-BF40-05FA35DC3E4E} = {60B7CA0C-7CEC-414A-996B-07D40913256F}
		{3C757765-58F5-4E24-81DD-F635628C38C1} = {60B7CA0C-7CEC-414A-996B-07D40913256F}
		{349F66C5-54DE-43C8-AB6F-6C6F96C4ED3D} = {60B7CA0C-7CEC-414A-996B-07D40913256F}
		{1B8E81C3-5F49-4A58-A95B-1A427EBCBF2C} = {60B7CA0C-7CEC-414A-996B-07D40913256F}
		{E9D8D133-26E9-40F4-AACE-2B713D773201} = {60B7CA0C-7CEC-414A-996B-07D40913256F}
		{7EB946D0-8BEA-45AD-8132-60D93C77A063} = {17799EF7-DCBB-4462-8687-8A588888785F}
		{6EC8AD06-BF8C-472A-9DF8-4188AE7EE38B} = {17799EF7-DCBB-4462-8687-8A588888785F}
		{99101E9E-BA03-4192-9CA9-272614FDCC7B} = {17799EF7-DCBB-4462-8687-8A588888785F}
		{E91AE132-D500-42DC-9FDB-50234949BCA2} = {17799EF7-DCBB-4462-8687-8A588888785F}
		{30A562AF-9CE6-4550-8627-D53C15393772} = {17799EF7-DCBB-4462-8687-8A588888785F}
		{F82A5AFC-D119-4CDE-8A65-1470947C5993} = {17799EF7-DCBB-4462-8687-8A588888785F}
		{8C9E8C07-5E3F-43E8-9FE1-D46850BDEA3C} = {DDEF063F-7120-44B9-80C0-41A65E26F14C}
		{9C481BA9-A4DA-4725-8961-0FB24E46237C} = {DDEF063F-7120-44B9-80C0-41A65E26F14C}
		{05DE2F54-996A-4675-9F0B-279EBADB6C57} = {6C424D61-0619-4EA9-943E-2C7094D57803}
		{DE901814-7877-4CB8-BC54-188702ED6159} = {E6A0E725-CD09-41F8-84C0-373F45991BC5}
		{4905E31F-6850-4889-9E05-98682B4681A8} = {E6A0E725-CD09-41F8-84C0-373F45991BC5}
		{E6A0E725-CD09-41F8-84C0-373F45991BC5} = {DDEF063F-7120-44B9-80C0-41A65E26F14C}
	EndGlobalSection
	GlobalSection(ExtensibilityGlobals) = postSolution
		SolutionGuid = {EC68D100-E467-4E39-8B07-3485EA03DFD9}
	EndGlobalSection
EndGlobal
