
Microsoft Visual Studio Solution File, Format Version 12.00
# Visual Studio 15
VisualStudioVersion = 15.0.28307.902
MinimumVisualStudioVersion = 10.0.40219.1
Project("{2150E333-8FDC-42A3-9474-1A3956D46DE8}") = "Client", "Client", "{60B7CA0C-7CEC-414A-996B-07D40913256F}"
EndProject
Project("{2150E333-8FDC-42A3-9474-1A3956D46DE8}") = "Shared", "Shared", "{6C424D61-0619-4EA9-943E-2C7094D57803}"
EndProject
Project("{FAE04EC0-301F-11D3-BF4B-00C04F79EFBC}") = "TianYiSdtdServerTools.Client.Resources", "Client\Resources\TianYiSdtdServerTools.Client.Resources.csproj", "{82002828-CEC5-4351-ABED-0130979A2BDE}"
EndProject
Project("{FAE04EC0-301F-11D3-BF4B-00C04F79EFBC}") = "IceCoffee.Common", "..\..\C#Tools\IceCoffee\IceCoffee.Common\IceCoffee.Common.csproj", "{35734BE9-1C96-4048-9D6E-C9BAD609002E}"
EndProject
Project("{2150E333-8FDC-42A3-9474-1A3956D46DE8}") = "IceCoffee", "IceCoffee", "{17799EF7-DCBB-4462-8687-8A588888785F}"
EndProject
Project("{FAE04EC0-301F-11D3-BF4B-00C04F79EFBC}") = "IceCoffee.Wpf.CustomControlLibrary", "..\..\C#Tools\IceCoffee\Icecoffee.Wpf\CustomControlLibrary\IceCoffee.Wpf.CustomControlLibrary.csproj", "{3626ECA9-D024-4B91-B0E2-42BF81B45162}"
EndProject
Project("{FAE04EC0-301F-11D3-BF4B-00C04F79EFBC}") = "IceCoffee.Wpf.MvvmFrame", "..\..\C#Tools\IceCoffee\Icecoffee.Wpf\MvvmFrame\IceCoffee.Wpf.MvvmFrame.csproj", "{CE167778-381D-487F-845A-D96258015E17}"
EndProject
Project("{FAE04EC0-301F-11D3-BF4B-00C04F79EFBC}") = "TianYiSdtdServerTools.Client.Models", "Client\Models\TianYiSdtdServerTools.Client.Models.csproj", "{AFF037C5-D34F-41CE-ACBF-209D93436159}"
EndProject
Project("{FAE04EC0-301F-11D3-BF4B-00C04F79EFBC}") = "TianYiSdtdServerTools.Client.ViewModels", "Client\ViewModels\TianYiSdtdServerTools.Client.ViewModels.csproj", "{A3351610-C535-40C8-BF40-05FA35DC3E4E}"
EndProject
Project("{FAE04EC0-301F-11D3-BF4B-00C04F79EFBC}") = "TianYiSdtdServerTools.Client.Views", "Client\Views\TianYiSdtdServerTools.Client.Views.csproj", "{3C757765-58F5-4E24-81DD-F635628C38C1}"
EndProject
Project("{FAE04EC0-301F-11D3-BF4B-00C04F79EFBC}") = "IceCoffee.Network", "..\..\C#Tools\IceCoffee\IceCoffee.Network\IceCoffee.Network.csproj", "{7B659542-1F9E-449B-AB6F-43AA61D22038}"
EndProject
Project("{FAE04EC0-301F-11D3-BF4B-00C04F79EFBC}") = "TianYiSdtdServerTools.Client.TelnetClient", "Client\TelnetClient\TianYiSdtdServerTools.Client.TelnetClient.csproj", "{349F66C5-54DE-43C8-AB6F-6C6F96C4ED3D}"
EndProject
Project("{FAE04EC0-301F-11D3-BF4B-00C04F79EFBC}") = "IceCoffee.DbCore", "..\..\C#Tools\IceCoffee\IceCoffee.DbCore\IceCoffee.DbCore.csproj", "{A39DFF8A-410A-496D-A7D4-30CDE3F4670E}"
EndProject
Project("{FAE04EC0-301F-11D3-BF4B-00C04F79EFBC}") = "TianYiSdtdServerTools.Client.Services", "Client\Services\TianYiSdtdServerTools.Client.Services.csproj", "{1B8E81C3-5F49-4A58-A95B-1A427EBCBF2C}"
EndProject
Project("{FAE04EC0-301F-11D3-BF4B-00C04F79EFBC}") = "IceCoffee.AntiDebugEngine", "..\..\C#Tools\IceCoffee\IceCoffee.AntiDebugEngine\IceCoffee.AntiDebugEngine.csproj", "{87978D79-0C6C-444E-B4CB-10FA4C13AA92}"
EndProject
Project("{FAE04EC0-301F-11D3-BF4B-00C04F79EFBC}") = "TianYiSdtdServerTools.Client.MyClient", "Client\MyClient\TianYiSdtdServerTools.Client.MyClient.csproj", "{E9D8D133-26E9-40F4-AACE-2B713D773201}"
EndProject
Project("{FAE04EC0-301F-11D3-BF4B-00C04F79EFBC}") = "TianYiSdtdServerTools.Shared", "Shared\TianYiSdtdServerTools.Shared\TianYiSdtdServerTools.Shared.csproj", "{05DE2F54-996A-4675-9F0B-279EBADB6C57}"
EndProject
Global
	GlobalSection(SolutionConfigurationPlatforms) = preSolution
		Debug|Any CPU = Debug|Any CPU
		Release|Any CPU = Release|Any CPU
	EndGlobalSection
	GlobalSection(ProjectConfigurationPlatforms) = postSolution
		{82002828-CEC5-4351-ABED-0130979A2BDE}.Debug|Any CPU.ActiveCfg = Debug|Any CPU
		{82002828-CEC5-4351-ABED-0130979A2BDE}.Debug|Any CPU.Build.0 = Debug|Any CPU
		{82002828-CEC5-4351-ABED-0130979A2BDE}.Release|Any CPU.ActiveCfg = Release|Any CPU
		{82002828-CEC5-4351-ABED-0130979A2BDE}.Release|Any CPU.Build.0 = Release|Any CPU
		{35734BE9-1C96-4048-9D6E-C9BAD609002E}.Debug|Any CPU.ActiveCfg = Debug|Any CPU
		{35734BE9-1C96-4048-9D6E-C9BAD609002E}.Debug|Any CPU.Build.0 = Debug|Any CPU
		{35734BE9-1C96-4048-9D6E-C9BAD609002E}.Release|Any CPU.ActiveCfg = Release|Any CPU
		{35734BE9-1C96-4048-9D6E-C9BAD609002E}.Release|Any CPU.Build.0 = Release|Any CPU
		{3626ECA9-D024-4B91-B0E2-42BF81B45162}.Debug|Any CPU.ActiveCfg = Debug|Any CPU
		{3626ECA9-D024-4B91-B0E2-42BF81B45162}.Debug|Any CPU.Build.0 = Debug|Any CPU
		{3626ECA9-D024-4B91-B0E2-42BF81B45162}.Release|Any CPU.ActiveCfg = Release|Any CPU
		{3626ECA9-D024-4B91-B0E2-42BF81B45162}.Release|Any CPU.Build.0 = Release|Any CPU
		{CE167778-381D-487F-845A-D96258015E17}.Debug|Any CPU.ActiveCfg = Debug|Any CPU
		{CE167778-381D-487F-845A-D96258015E17}.Debug|Any CPU.Build.0 = Debug|Any CPU
		{CE167778-381D-487F-845A-D96258015E17}.Release|Any CPU.ActiveCfg = Release|Any CPU
		{CE167778-381D-487F-845A-D96258015E17}.Release|Any CPU.Build.0 = Release|Any CPU
		{AFF037C5-D34F-41CE-ACBF-209D93436159}.Debug|Any CPU.ActiveCfg = Debug|Any CPU
		{AFF037C5-D34F-41CE-ACBF-209D93436159}.Debug|Any CPU.Build.0 = Debug|Any CPU
		{AFF037C5-D34F-41CE-ACBF-209D93436159}.Release|Any CPU.ActiveCfg = Release|Any CPU
		{AFF037C5-D34F-41CE-ACBF-209D93436159}.Release|Any CPU.Build.0 = Release|Any CPU
		{A3351610-C535-40C8-BF40-05FA35DC3E4E}.Debug|Any CPU.ActiveCfg = Debug|Any CPU
		{A3351610-C535-40C8-BF40-05FA35DC3E4E}.Debug|Any CPU.Build.0 = Debug|Any CPU
		{A3351610-C535-40C8-BF40-05FA35DC3E4E}.Release|Any CPU.ActiveCfg = Release|Any CPU
		{A3351610-C535-40C8-BF40-05FA35DC3E4E}.Release|Any CPU.Build.0 = Release|Any CPU
		{3C757765-58F5-4E24-81DD-F635628C38C1}.Debug|Any CPU.ActiveCfg = Debug|Any CPU
		{3C757765-58F5-4E24-81DD-F635628C38C1}.Debug|Any CPU.Build.0 = Debug|Any CPU
		{3C757765-58F5-4E24-81DD-F635628C38C1}.Release|Any CPU.ActiveCfg = Release|Any CPU
		{3C757765-58F5-4E24-81DD-F635628C38C1}.Release|Any CPU.Build.0 = Release|Any CPU
		{7B659542-1F9E-449B-AB6F-43AA61D22038}.Debug|Any CPU.ActiveCfg = Debug|Any CPU
		{7B659542-1F9E-449B-AB6F-43AA61D22038}.Debug|Any CPU.Build.0 = Debug|Any CPU
		{7B659542-1F9E-449B-AB6F-43AA61D22038}.Release|Any CPU.ActiveCfg = Release|Any CPU
		{7B659542-1F9E-449B-AB6F-43AA61D22038}.Release|Any CPU.Build.0 = Release|Any CPU
		{349F66C5-54DE-43C8-AB6F-6C6F96C4ED3D}.Debug|Any CPU.ActiveCfg = Debug|Any CPU
		{349F66C5-54DE-43C8-AB6F-6C6F96C4ED3D}.Debug|Any CPU.Build.0 = Debug|Any CPU
		{349F66C5-54DE-43C8-AB6F-6C6F96C4ED3D}.Release|Any CPU.ActiveCfg = Release|Any CPU
		{349F66C5-54DE-43C8-AB6F-6C6F96C4ED3D}.Release|Any CPU.Build.0 = Release|Any CPU
		{A39DFF8A-410A-496D-A7D4-30CDE3F4670E}.Debug|Any CPU.ActiveCfg = Debug|Any CPU
		{A39DFF8A-410A-496D-A7D4-30CDE3F4670E}.Debug|Any CPU.Build.0 = Debug|Any CPU
		{A39DFF8A-410A-496D-A7D4-30CDE3F4670E}.Release|Any CPU.ActiveCfg = Release|Any CPU
		{A39DFF8A-410A-496D-A7D4-30CDE3F4670E}.Release|Any CPU.Build.0 = Release|Any CPU
		{1B8E81C3-5F49-4A58-A95B-1A427EBCBF2C}.Debug|Any CPU.ActiveCfg = Debug|Any CPU
		{1B8E81C3-5F49-4A58-A95B-1A427EBCBF2C}.Debug|Any CPU.Build.0 = Debug|Any CPU
		{1B8E81C3-5F49-4A58-A95B-1A427EBCBF2C}.Release|Any CPU.ActiveCfg = Release|Any CPU
		{1B8E81C3-5F49-4A58-A95B-1A427EBCBF2C}.Release|Any CPU.Build.0 = Release|Any CPU
		{87978D79-0C6C-444E-B4CB-10FA4C13AA92}.Debug|Any CPU.ActiveCfg = Debug|Any CPU
		{87978D79-0C6C-444E-B4CB-10FA4C13AA92}.Debug|Any CPU.Build.0 = Debug|Any CPU
		{87978D79-0C6C-444E-B4CB-10FA4C13AA92}.Release|Any CPU.ActiveCfg = Release|Any CPU
		{87978D79-0C6C-444E-B4CB-10FA4C13AA92}.Release|Any CPU.Build.0 = Release|Any CPU
		{E9D8D133-26E9-40F4-AACE-2B713D773201}.Debug|Any CPU.ActiveCfg = Debug|Any CPU
		{E9D8D133-26E9-40F4-AACE-2B713D773201}.Debug|Any CPU.Build.0 = Debug|Any CPU
		{E9D8D133-26E9-40F4-AACE-2B713D773201}.Release|Any CPU.ActiveCfg = Release|Any CPU
		{E9D8D133-26E9-40F4-AACE-2B713D773201}.Release|Any CPU.Build.0 = Release|Any CPU
		{05DE2F54-996A-4675-9F0B-279EBADB6C57}.Debug|Any CPU.ActiveCfg = Debug|Any CPU
		{05DE2F54-996A-4675-9F0B-279EBADB6C57}.Debug|Any CPU.Build.0 = Debug|Any CPU
		{05DE2F54-996A-4675-9F0B-279EBADB6C57}.Release|Any CPU.ActiveCfg = Release|Any CPU
		{05DE2F54-996A-4675-9F0B-279EBADB6C57}.Release|Any CPU.Build.0 = Release|Any CPU
	EndGlobalSection
	GlobalSection(SolutionProperties) = preSolution
		HideSolutionNode = FALSE
	EndGlobalSection
	GlobalSection(NestedProjects) = preSolution
		{82002828-CEC5-4351-ABED-0130979A2BDE} = {60B7CA0C-7CEC-414A-996B-07D40913256F}
		{35734BE9-1C96-4048-9D6E-C9BAD609002E} = {17799EF7-DCBB-4462-8687-8A588888785F}
		{17799EF7-DCBB-4462-8687-8A588888785F} = {6C424D61-0619-4EA9-943E-2C7094D57803}
		{3626ECA9-D024-4B91-B0E2-42BF81B45162} = {17799EF7-DCBB-4462-8687-8A588888785F}
		{CE167778-381D-487F-845A-D96258015E17} = {17799EF7-DCBB-4462-8687-8A588888785F}
		{AFF037C5-D34F-41CE-ACBF-209D93436159} = {60B7CA0C-7CEC-414A-996B-07D40913256F}
		{A3351610-C535-40C8-BF40-05FA35DC3E4E} = {60B7CA0C-7CEC-414A-996B-07D40913256F}
		{3C757765-58F5-4E24-81DD-F635628C38C1} = {60B7CA0C-7CEC-414A-996B-07D40913256F}
		{7B659542-1F9E-449B-AB6F-43AA61D22038} = {17799EF7-DCBB-4462-8687-8A588888785F}
		{349F66C5-54DE-43C8-AB6F-6C6F96C4ED3D} = {60B7CA0C-7CEC-414A-996B-07D40913256F}
		{A39DFF8A-410A-496D-A7D4-30CDE3F4670E} = {17799EF7-DCBB-4462-8687-8A588888785F}
		{1B8E81C3-5F49-4A58-A95B-1A427EBCBF2C} = {60B7CA0C-7CEC-414A-996B-07D40913256F}
		{87978D79-0C6C-444E-B4CB-10FA4C13AA92} = {17799EF7-DCBB-4462-8687-8A588888785F}
		{E9D8D133-26E9-40F4-AACE-2B713D773201} = {60B7CA0C-7CEC-414A-996B-07D40913256F}
		{05DE2F54-996A-4675-9F0B-279EBADB6C57} = {6C424D61-0619-4EA9-943E-2C7094D57803}
	EndGlobalSection
	GlobalSection(ExtensibilityGlobals) = postSolution
		SolutionGuid = {EC68D100-E467-4E39-8B07-3485EA03DFD9}
	EndGlobalSection
EndGlobal
